// !$*UTF8*$!
{
	archiveVersion = 1;
	classes = {
	};
	objectVersion = 56;
	objects = {

/* Begin PBXBuildFile section */
		7298FA1929644AAE009CC1D0 /* AppDelegate.swift in Sources */ = {isa = PBXBuildFile; fileRef = 7298FA1829644AAE009CC1D0 /* AppDelegate.swift */; };
		7298FA1B29644AAE009CC1D0 /* SceneDelegate.swift in Sources */ = {isa = PBXBuildFile; fileRef = 7298FA1A29644AAE009CC1D0 /* SceneDelegate.swift */; };
		7298FA1D29644AAE009CC1D0 /* PhotoController.swift in Sources */ = {isa = PBXBuildFile; fileRef = 7298FA1C29644AAE009CC1D0 /* PhotoController.swift */; };
		7298FA2229644AAE009CC1D0 /* Assets.xcassets in Resources */ = {isa = PBXBuildFile; fileRef = 7298FA2129644AAE009CC1D0 /* Assets.xcassets */; };
		7298FA2529644AAE009CC1D0 /* LaunchScreen.storyboard in Resources */ = {isa = PBXBuildFile; fileRef = 7298FA2329644AAE009CC1D0 /* LaunchScreen.storyboard */; };
		7298FA3229644D29009CC1D0 /* UIView+Extension.swift in Sources */ = {isa = PBXBuildFile; fileRef = 7298FA3129644D29009CC1D0 /* UIView+Extension.swift */; };
		7298FA37296453D6009CC1D0 /* PhotoCell.swift in Sources */ = {isa = PBXBuildFile; fileRef = 7298FA36296453D6009CC1D0 /* PhotoCell.swift */; };
		72D8D201296536B00056960B /* AlbumViewModel.swift in Sources */ = {isa = PBXBuildFile; fileRef = 72D8D200296536AF0056960B /* AlbumViewModel.swift */; };
		72FAABA929668F4000A48A1A /* PhotoService.swift in Sources */ = {isa = PBXBuildFile; fileRef = 72FAABA829668F4000A48A1A /* PhotoService.swift */; };
		72FAABAB296698AE00A48A1A /* AlbumVarieties.swift in Sources */ = {isa = PBXBuildFile; fileRef = 72FAABAA296698AE00A48A1A /* AlbumVarieties.swift */; };
		72FAABAE2966F90400A48A1A /* Photo.swift in Sources */ = {isa = PBXBuildFile; fileRef = 72FAABAD2966F90400A48A1A /* Photo.swift */; };
		72FDD9AB296469AA00CE0F13 /* AlbumController.swift in Sources */ = {isa = PBXBuildFile; fileRef = 72FDD9AA296469AA00CE0F13 /* AlbumController.swift */; };
		72FDD9AD29646AD400CE0F13 /* AlbumListCell.swift in Sources */ = {isa = PBXBuildFile; fileRef = 72FDD9AC29646AD400CE0F13 /* AlbumListCell.swift */; };
		72FDD9AF29646B2000CE0F13 /* Protocols.swift in Sources */ = {isa = PBXBuildFile; fileRef = 72FDD9AE29646B2000CE0F13 /* Protocols.swift */; };
		72FDD9B12964886200CE0F13 /* Album.swift in Sources */ = {isa = PBXBuildFile; fileRef = 72FDD9B02964886200CE0F13 /* Album.swift */; };
/* End PBXBuildFile section */

/* Begin PBXFileReference section */
		7298FA1529644AAE009CC1D0 /* Flow_PhotoAlbum_Hoon.app */ = {isa = PBXFileReference; explicitFileType = wrapper.application; includeInIndex = 0; path = Flow_PhotoAlbum_Hoon.app; sourceTree = BUILT_PRODUCTS_DIR; };
		7298FA1829644AAE009CC1D0 /* AppDelegate.swift */ = {isa = PBXFileReference; lastKnownFileType = sourcecode.swift; path = AppDelegate.swift; sourceTree = "<group>"; };
		7298FA1A29644AAE009CC1D0 /* SceneDelegate.swift */ = {isa = PBXFileReference; lastKnownFileType = sourcecode.swift; path = SceneDelegate.swift; sourceTree = "<group>"; };
		7298FA1C29644AAE009CC1D0 /* PhotoController.swift */ = {isa = PBXFileReference; lastKnownFileType = sourcecode.swift; path = PhotoController.swift; sourceTree = "<group>"; };
		7298FA2129644AAE009CC1D0 /* Assets.xcassets */ = {isa = PBXFileReference; lastKnownFileType = folder.assetcatalog; path = Assets.xcassets; sourceTree = "<group>"; };
		7298FA2429644AAE009CC1D0 /* Base */ = {isa = PBXFileReference; lastKnownFileType = file.storyboard; name = Base; path = Base.lproj/LaunchScreen.storyboard; sourceTree = "<group>"; };
		7298FA2629644AAE009CC1D0 /* Info.plist */ = {isa = PBXFileReference; lastKnownFileType = text.plist.xml; path = Info.plist; sourceTree = "<group>"; };
		7298FA3129644D29009CC1D0 /* UIView+Extension.swift */ = {isa = PBXFileReference; lastKnownFileType = sourcecode.swift; path = "UIView+Extension.swift"; sourceTree = "<group>"; };
		7298FA36296453D6009CC1D0 /* PhotoCell.swift */ = {isa = PBXFileReference; lastKnownFileType = sourcecode.swift; path = PhotoCell.swift; sourceTree = "<group>"; };
		72D8D200296536AF0056960B /* AlbumViewModel.swift */ = {isa = PBXFileReference; lastKnownFileType = sourcecode.swift; path = AlbumViewModel.swift; sourceTree = "<group>"; };
		72FAABA829668F4000A48A1A /* PhotoService.swift */ = {isa = PBXFileReference; lastKnownFileType = sourcecode.swift; path = PhotoService.swift; sourceTree = "<group>"; };
		72FAABAA296698AE00A48A1A /* AlbumVarieties.swift */ = {isa = PBXFileReference; lastKnownFileType = sourcecode.swift; path = AlbumVarieties.swift; sourceTree = "<group>"; };
		72FAABAD2966F90400A48A1A /* Photo.swift */ = {isa = PBXFileReference; lastKnownFileType = sourcecode.swift; path = Photo.swift; sourceTree = "<group>"; };
		72FDD9AA296469AA00CE0F13 /* AlbumController.swift */ = {isa = PBXFileReference; lastKnownFileType = sourcecode.swift; path = AlbumController.swift; sourceTree = "<group>"; };
		72FDD9AC29646AD400CE0F13 /* AlbumListCell.swift */ = {isa = PBXFileReference; lastKnownFileType = sourcecode.swift; path = AlbumListCell.swift; sourceTree = "<group>"; };
		72FDD9AE29646B2000CE0F13 /* Protocols.swift */ = {isa = PBXFileReference; lastKnownFileType = sourcecode.swift; path = Protocols.swift; sourceTree = "<group>"; };
		72FDD9B02964886200CE0F13 /* Album.swift */ = {isa = PBXFileReference; lastKnownFileType = sourcecode.swift; path = Album.swift; sourceTree = "<group>"; };
/* End PBXFileReference section */

/* Begin PBXFrameworksBuildPhase section */
		7298FA1229644AAE009CC1D0 /* Frameworks */ = {
			isa = PBXFrameworksBuildPhase;
			buildActionMask = 2147483647;
			files = (
			);
			runOnlyForDeploymentPostprocessing = 0;
		};
/* End PBXFrameworksBuildPhase section */

/* Begin PBXGroup section */
		7298FA0C29644AAD009CC1D0 = {
			isa = PBXGroup;
			children = (
				7298FA1729644AAE009CC1D0 /* Flow_PhotoAlbum_Hoon */,
				7298FA1629644AAE009CC1D0 /* Products */,
			);
			sourceTree = "<group>";
		};
		7298FA1629644AAE009CC1D0 /* Products */ = {
			isa = PBXGroup;
			children = (
				7298FA1529644AAE009CC1D0 /* Flow_PhotoAlbum_Hoon.app */,
			);
			name = Products;
			sourceTree = "<group>";
		};
		7298FA1729644AAE009CC1D0 /* Flow_PhotoAlbum_Hoon */ = {
			isa = PBXGroup;
			children = (
				7298FA3829645E85009CC1D0 /* Models */,
				7298FA3329644DB1009CC1D0 /* Services */,
				7298FA3029644CF5009CC1D0 /* Utils */,
				7298FA2E29644CDD009CC1D0 /* Controllers */,
				7298FA2D29644CDA009CC1D0 /* ViewModels */,
				7298FA2C29644CB2009CC1D0 /* Views */,
				72FAABAC2966C33100A48A1A /* Common */,
				7298FA2129644AAE009CC1D0 /* Assets.xcassets */,
				7298FA2329644AAE009CC1D0 /* LaunchScreen.storyboard */,
				7298FA2629644AAE009CC1D0 /* Info.plist */,
			);
			path = Flow_PhotoAlbum_Hoon;
			sourceTree = "<group>";
		};
		7298FA2C29644CB2009CC1D0 /* Views */ = {
			isa = PBXGroup;
			children = (
				72FDD9AC29646AD400CE0F13 /* AlbumListCell.swift */,
				7298FA36296453D6009CC1D0 /* PhotoCell.swift */,
			);
			path = Views;
			sourceTree = "<group>";
		};
		7298FA2D29644CDA009CC1D0 /* ViewModels */ = {
			isa = PBXGroup;
			children = (
				72D8D200296536AF0056960B /* AlbumViewModel.swift */,
			);
			path = ViewModels;
			sourceTree = "<group>";
		};
		7298FA2E29644CDD009CC1D0 /* Controllers */ = {
			isa = PBXGroup;
			children = (
				72FDD9AA296469AA00CE0F13 /* AlbumController.swift */,
				7298FA1C29644AAE009CC1D0 /* PhotoController.swift */,
			);
			path = Controllers;
			sourceTree = "<group>";
		};
		7298FA3029644CF5009CC1D0 /* Utils */ = {
			isa = PBXGroup;
			children = (
				7298FA3129644D29009CC1D0 /* UIView+Extension.swift */,
				72FDD9AE29646B2000CE0F13 /* Protocols.swift */,
			);
			path = Utils;
			sourceTree = "<group>";
		};
		7298FA3329644DB1009CC1D0 /* Services */ = {
			isa = PBXGroup;
			children = (
				72FAABA829668F4000A48A1A /* PhotoService.swift */,
			);
			path = Services;
			sourceTree = "<group>";
		};
		7298FA3829645E85009CC1D0 /* Models */ = {
			isa = PBXGroup;
			children = (
				72FDD9B02964886200CE0F13 /* Album.swift */,
				72FAABAA296698AE00A48A1A /* AlbumVarieties.swift */,
				72FAABAD2966F90400A48A1A /* Photo.swift */,
			);
			path = Models;
			sourceTree = "<group>";
		};
		72FAABAC2966C33100A48A1A /* Common */ = {
			isa = PBXGroup;
			children = (
				7298FA1829644AAE009CC1D0 /* AppDelegate.swift */,
				7298FA1A29644AAE009CC1D0 /* SceneDelegate.swift */,
			);
			path = Common;
			sourceTree = "<group>";
		};
/* End PBXGroup section */

/* Begin PBXNativeTarget section */
		7298FA1429644AAE009CC1D0 /* Flow_PhotoAlbum_Hoon */ = {
			isa = PBXNativeTarget;
			buildConfigurationList = 7298FA2929644AAE009CC1D0 /* Build configuration list for PBXNativeTarget "Flow_PhotoAlbum_Hoon" */;
			buildPhases = (
				7298FA1129644AAE009CC1D0 /* Sources */,
				7298FA1229644AAE009CC1D0 /* Frameworks */,
				7298FA1329644AAE009CC1D0 /* Resources */,
			);
			buildRules = (
			);
			dependencies = (
			);
			name = Flow_PhotoAlbum_Hoon;
			productName = Flow_PhotoAlbum_Hoon;
			productReference = 7298FA1529644AAE009CC1D0 /* Flow_PhotoAlbum_Hoon.app */;
			productType = "com.apple.product-type.application";
		};
/* End PBXNativeTarget section */

/* Begin PBXProject section */
		7298FA0D29644AAD009CC1D0 /* Project object */ = {
			isa = PBXProject;
			attributes = {
				BuildIndependentTargetsInParallel = 1;
				LastSwiftUpdateCheck = 1410;
				LastUpgradeCheck = 1410;
				TargetAttributes = {
					7298FA1429644AAE009CC1D0 = {
						CreatedOnToolsVersion = 14.1;
					};
				};
			};
			buildConfigurationList = 7298FA1029644AAD009CC1D0 /* Build configuration list for PBXProject "Flow_PhotoAlbum_Hoon" */;
			compatibilityVersion = "Xcode 14.0";
			developmentRegion = en;
			hasScannedForEncodings = 0;
			knownRegions = (
				en,
				Base,
			);
			mainGroup = 7298FA0C29644AAD009CC1D0;
			productRefGroup = 7298FA1629644AAE009CC1D0 /* Products */;
			projectDirPath = "";
			projectRoot = "";
			targets = (
				7298FA1429644AAE009CC1D0 /* Flow_PhotoAlbum_Hoon */,
			);
		};
/* End PBXProject section */

/* Begin PBXResourcesBuildPhase section */
		7298FA1329644AAE009CC1D0 /* Resources */ = {
			isa = PBXResourcesBuildPhase;
			buildActionMask = 2147483647;
			files = (
				7298FA2529644AAE009CC1D0 /* LaunchScreen.storyboard in Resources */,
				7298FA2229644AAE009CC1D0 /* Assets.xcassets in Resources */,
			);
			runOnlyForDeploymentPostprocessing = 0;
		};
/* End PBXResourcesBuildPhase section */

/* Begin PBXSourcesBuildPhase section */
		7298FA1129644AAE009CC1D0 /* Sources */ = {
			isa = PBXSourcesBuildPhase;
			buildActionMask = 2147483647;
			files = (
				7298FA1D29644AAE009CC1D0 /* PhotoController.swift in Sources */,
				72FDD9AB296469AA00CE0F13 /* AlbumController.swift in Sources */,
				7298FA1929644AAE009CC1D0 /* AppDelegate.swift in Sources */,
				72FDD9AD29646AD400CE0F13 /* AlbumListCell.swift in Sources */,
				72FAABAB296698AE00A48A1A /* AlbumVarieties.swift in Sources */,
				72FDD9B12964886200CE0F13 /* Album.swift in Sources */,
				72FAABAE2966F90400A48A1A /* Photo.swift in Sources */,
				7298FA1B29644AAE009CC1D0 /* SceneDelegate.swift in Sources */,
				7298FA3229644D29009CC1D0 /* UIView+Extension.swift in Sources */,
				72FAABA929668F4000A48A1A /* PhotoService.swift in Sources */,
				7298FA37296453D6009CC1D0 /* PhotoCell.swift in Sources */,
				72D8D201296536B00056960B /* AlbumViewModel.swift in Sources */,
				72FDD9AF29646B2000CE0F13 /* Protocols.swift in Sources */,
			);
			runOnlyForDeploymentPostprocessing = 0;
		};
/* End PBXSourcesBuildPhase section */

/* Begin PBXVariantGroup section */
		7298FA2329644AAE009CC1D0 /* LaunchScreen.storyboard */ = {
			isa = PBXVariantGroup;
			children = (
				7298FA2429644AAE009CC1D0 /* Base */,
			);
			name = LaunchScreen.storyboard;
			sourceTree = "<group>";
		};
/* End PBXVariantGroup section */

/* Begin XCBuildConfiguration section */
		7298FA2729644AAE009CC1D0 /* Debug */ = {
			isa = XCBuildConfiguration;
			buildSettings = {
				ALWAYS_SEARCH_USER_PATHS = NO;
				CLANG_ANALYZER_NONNULL = YES;
				CLANG_ANALYZER_NUMBER_OBJECT_CONVERSION = YES_AGGRESSIVE;
				CLANG_CXX_LANGUAGE_STANDARD = "gnu++20";
				CLANG_ENABLE_MODULES = YES;
				CLANG_ENABLE_OBJC_ARC = YES;
				CLANG_ENABLE_OBJC_WEAK = YES;
				CLANG_WARN_BLOCK_CAPTURE_AUTORELEASING = YES;
				CLANG_WARN_BOOL_CONVERSION = YES;
				CLANG_WARN_COMMA = YES;
				CLANG_WARN_CONSTANT_CONVERSION = YES;
				CLANG_WARN_DEPRECATED_OBJC_IMPLEMENTATIONS = YES;
				CLANG_WARN_DIRECT_OBJC_ISA_USAGE = YES_ERROR;
				CLANG_WARN_DOCUMENTATION_COMMENTS = YES;
				CLANG_WARN_EMPTY_BODY = YES;
				CLANG_WARN_ENUM_CONVERSION = YES;
				CLANG_WARN_INFINITE_RECURSION = YES;
				CLANG_WARN_INT_CONVERSION = YES;
				CLANG_WARN_NON_LITERAL_NULL_CONVERSION = YES;
				CLANG_WARN_OBJC_IMPLICIT_RETAIN_SELF = YES;
				CLANG_WARN_OBJC_LITERAL_CONVERSION = YES;
				CLANG_WARN_OBJC_ROOT_CLASS = YES_ERROR;
				CLANG_WARN_QUOTED_INCLUDE_IN_FRAMEWORK_HEADER = YES;
				CLANG_WARN_RANGE_LOOP_ANALYSIS = YES;
				CLANG_WARN_STRICT_PROTOTYPES = YES;
				CLANG_WARN_SUSPICIOUS_MOVE = YES;
				CLANG_WARN_UNGUARDED_AVAILABILITY = YES_AGGRESSIVE;
				CLANG_WARN_UNREACHABLE_CODE = YES;
				CLANG_WARN__DUPLICATE_METHOD_MATCH = YES;
				COPY_PHASE_STRIP = NO;
				DEBUG_INFORMATION_FORMAT = dwarf;
				ENABLE_STRICT_OBJC_MSGSEND = YES;
				ENABLE_TESTABILITY = YES;
				GCC_C_LANGUAGE_STANDARD = gnu11;
				GCC_DYNAMIC_NO_PIC = NO;
				GCC_NO_COMMON_BLOCKS = YES;
				GCC_OPTIMIZATION_LEVEL = 0;
				GCC_PREPROCESSOR_DEFINITIONS = (
					"DEBUG=1",
					"$(inherited)",
				);
				GCC_WARN_64_TO_32_BIT_CONVERSION = YES;
				GCC_WARN_ABOUT_RETURN_TYPE = YES_ERROR;
				GCC_WARN_UNDECLARED_SELECTOR = YES;
				GCC_WARN_UNINITIALIZED_AUTOS = YES_AGGRESSIVE;
				GCC_WARN_UNUSED_FUNCTION = YES;
				GCC_WARN_UNUSED_VARIABLE = YES;
				IPHONEOS_DEPLOYMENT_TARGET = 16.1;
				MTL_ENABLE_DEBUG_INFO = INCLUDE_SOURCE;
				MTL_FAST_MATH = YES;
				ONLY_ACTIVE_ARCH = YES;
				SDKROOT = iphoneos;
				SWIFT_ACTIVE_COMPILATION_CONDITIONS = DEBUG;
				SWIFT_OPTIMIZATION_LEVEL = "-Onone";
			};
			name = Debug;
		};
		7298FA2829644AAE009CC1D0 /* Release */ = {
			isa = XCBuildConfiguration;
			buildSettings = {
				ALWAYS_SEARCH_USER_PATHS = NO;
				CLANG_ANALYZER_NONNULL = YES;
				CLANG_ANALYZER_NUMBER_OBJECT_CONVERSION = YES_AGGRESSIVE;
				CLANG_CXX_LANGUAGE_STANDARD = "gnu++20";
				CLANG_ENABLE_MODULES = YES;
				CLANG_ENABLE_OBJC_ARC = YES;
				CLANG_ENABLE_OBJC_WEAK = YES;
				CLANG_WARN_BLOCK_CAPTURE_AUTORELEASING = YES;
				CLANG_WARN_BOOL_CONVERSION = YES;
				CLANG_WARN_COMMA = YES;
				CLANG_WARN_CONSTANT_CONVERSION = YES;
				CLANG_WARN_DEPRECATED_OBJC_IMPLEMENTATIONS = YES;
				CLANG_WARN_DIRECT_OBJC_ISA_USAGE = YES_ERROR;
				CLANG_WARN_DOCUMENTATION_COMMENTS = YES;
				CLANG_WARN_EMPTY_BODY = YES;
				CLANG_WARN_ENUM_CONVERSION = YES;
				CLANG_WARN_INFINITE_RECURSION = YES;
				CLANG_WARN_INT_CONVERSION = YES;
				CLANG_WARN_NON_LITERAL_NULL_CONVERSION = YES;
				CLANG_WARN_OBJC_IMPLICIT_RETAIN_SELF = YES;
				CLANG_WARN_OBJC_LITERAL_CONVERSION = YES;
				CLANG_WARN_OBJC_ROOT_CLASS = YES_ERROR;
				CLANG_WARN_QUOTED_INCLUDE_IN_FRAMEWORK_HEADER = YES;
				CLANG_WARN_RANGE_LOOP_ANALYSIS = YES;
				CLANG_WARN_STRICT_PROTOTYPES = YES;
				CLANG_WARN_SUSPICIOUS_MOVE = YES;
				CLANG_WARN_UNGUARDED_AVAILABILITY = YES_AGGRESSIVE;
				CLANG_WARN_UNREACHABLE_CODE = YES;
				CLANG_WARN__DUPLICATE_METHOD_MATCH = YES;
				COPY_PHASE_STRIP = NO;
				DEBUG_INFORMATION_FORMAT = "dwarf-with-dsym";
				ENABLE_NS_ASSERTIONS = NO;
				ENABLE_STRICT_OBJC_MSGSEND = YES;
				GCC_C_LANGUAGE_STANDARD = gnu11;
				GCC_NO_COMMON_BLOCKS = YES;
				GCC_WARN_64_TO_32_BIT_CONVERSION = YES;
				GCC_WARN_ABOUT_RETURN_TYPE = YES_ERROR;
				GCC_WARN_UNDECLARED_SELECTOR = YES;
				GCC_WARN_UNINITIALIZED_AUTOS = YES_AGGRESSIVE;
				GCC_WARN_UNUSED_FUNCTION = YES;
				GCC_WARN_UNUSED_VARIABLE = YES;
				IPHONEOS_DEPLOYMENT_TARGET = 16.1;
				MTL_ENABLE_DEBUG_INFO = NO;
				MTL_FAST_MATH = YES;
				SDKROOT = iphoneos;
				SWIFT_COMPILATION_MODE = wholemodule;
				SWIFT_OPTIMIZATION_LEVEL = "-O";
				VALIDATE_PRODUCT = YES;
			};
			name = Release;
		};
		7298FA2A29644AAE009CC1D0 /* Debug */ = {
			isa = XCBuildConfiguration;
			buildSettings = {
				ASSETCATALOG_COMPILER_APPICON_NAME = AppIcon;
				ASSETCATALOG_COMPILER_GLOBAL_ACCENT_COLOR_NAME = AccentColor;
				CODE_SIGN_STYLE = Automatic;
				CURRENT_PROJECT_VERSION = 1;
				DEVELOPMENT_TEAM = UM655SCS28;
				GENERATE_INFOPLIST_FILE = YES;
				INFOPLIST_FILE = Flow_PhotoAlbum_Hoon/Info.plist;
				INFOPLIST_KEY_UIApplicationSupportsIndirectInputEvents = YES;
				INFOPLIST_KEY_UILaunchStoryboardName = LaunchScreen;
				INFOPLIST_KEY_UISupportedInterfaceOrientations_iPad = "UIInterfaceOrientationPortrait UIInterfaceOrientationPortraitUpsideDown UIInterfaceOrientationLandscapeLeft UIInterfaceOrientationLandscapeRight";
				INFOPLIST_KEY_UISupportedInterfaceOrientations_iPhone = "UIInterfaceOrientationPortrait UIInterfaceOrientationLandscapeLeft UIInterfaceOrientationLandscapeRight";
				LD_RUNPATH_SEARCH_PATHS = (
					"$(inherited)",
					"@executable_path/Frameworks",
				);
				MARKETING_VERSION = 1.0;
				PRODUCT_BUNDLE_IDENTIFIER = "com.hoonsbrand.Flow-PhotoAlbum-Hoon";
				PRODUCT_NAME = "$(TARGET_NAME)";
				SWIFT_EMIT_LOC_STRINGS = YES;
				SWIFT_VERSION = 5.0;
				TARGETED_DEVICE_FAMILY = "1,2";
			};
			name = Debug;
		};
		7298FA2B29644AAE009CC1D0 /* Release */ = {
			isa = XCBuildConfiguration;
			buildSettings = {
				ASSETCATALOG_COMPILER_APPICON_NAME = AppIcon;
				ASSETCATALOG_COMPILER_GLOBAL_ACCENT_COLOR_NAME = AccentColor;
				CODE_SIGN_STYLE = Automatic;
				CURRENT_PROJECT_VERSION = 1;
				DEVELOPMENT_TEAM = UM655SCS28;
				GENERATE_INFOPLIST_FILE = YES;
				INFOPLIST_FILE = Flow_PhotoAlbum_Hoon/Info.plist;
				INFOPLIST_KEY_UIApplicationSupportsIndirectInputEvents = YES;
				INFOPLIST_KEY_UILaunchStoryboardName = LaunchScreen;
				INFOPLIST_KEY_UISupportedInterfaceOrientations_iPad = "UIInterfaceOrientationPortrait UIInterfaceOrientationPortraitUpsideDown UIInterfaceOrientationLandscapeLeft UIInterfaceOrientationLandscapeRight";
				INFOPLIST_KEY_UISupportedInterfaceOrientations_iPhone = "UIInterfaceOrientationPortrait UIInterfaceOrientationLandscapeLeft UIInterfaceOrientationLandscapeRight";
				LD_RUNPATH_SEARCH_PATHS = (
					"$(inherited)",
					"@executable_path/Frameworks",
				);
				MARKETING_VERSION = 1.0;
				PRODUCT_BUNDLE_IDENTIFIER = "com.hoonsbrand.Flow-PhotoAlbum-Hoon";
				PRODUCT_NAME = "$(TARGET_NAME)";
				SWIFT_EMIT_LOC_STRINGS = YES;
				SWIFT_VERSION = 5.0;
				TARGETED_DEVICE_FAMILY = "1,2";
			};
			name = Release;
		};
/* End XCBuildConfiguration section */

/* Begin XCConfigurationList section */
		7298FA1029644AAD009CC1D0 /* Build configuration list for PBXProject "Flow_PhotoAlbum_Hoon" */ = {
			isa = XCConfigurationList;
			buildConfigurations = (
				7298FA2729644AAE009CC1D0 /* Debug */,
				7298FA2829644AAE009CC1D0 /* Release */,
			);
			defaultConfigurationIsVisible = 0;
			defaultConfigurationName = Release;
		};
		7298FA2929644AAE009CC1D0 /* Build configuration list for PBXNativeTarget "Flow_PhotoAlbum_Hoon" */ = {
			isa = XCConfigurationList;
			buildConfigurations = (
				7298FA2A29644AAE009CC1D0 /* Debug */,
				7298FA2B29644AAE009CC1D0 /* Release */,
			);
			defaultConfigurationIsVisible = 0;
			defaultConfigurationName = Release;
		};
/* End XCConfigurationList section */
	};
	rootObject = 7298FA0D29644AAD009CC1D0 /* Project object */;
}
